
Microsoft Visual Studio Solution File, Format Version 11.00
# Visual Studio 2010
Project("{FAE04EC0-301F-11D3-BF4B-00C04F79EFBC}") = "Tester", "Tester\Tester.csproj", "{E0835F28-FE42-4A5B-955F-37921583FD15}"
EndProject
Project("{FAE04EC0-301F-11D3-BF4B-00C04F79EFBC}") = "Tutorial", "Tutorial\Tutorial.csproj", "{955BAF2E-87C1-44EA-B3E9-6B257435982B}"
EndProject
Project("{FAE04EC0-301F-11D3-BF4B-00C04F79EFBC}") = "TAFDecoderTest", "TAFDecoderTest\TAFDecoderTest.csproj", "{89E8332F-E3BB-49D4-97E1-C1194C981C84}"
EndProject
Project("{2150E333-8FDC-42A3-9474-1A3956D46DE8}") = "Solution Items", "Solution Items", "{CF7D759A-13EC-4A24-BC2F-FB921084E3AE}"
	ProjectSection(SolutionItems) = preProject
		Local.testsettings = Local.testsettings
		MetarDecoderSolution.vsmdi = MetarDecoderSolution.vsmdi
		TraceAndTestImpact.testsettings = TraceAndTestImpact.testsettings
	EndProjectSection
EndProject
Project("{FAE04EC0-301F-11D3-BF4B-00C04F79EFBC}") = "ENG.WMOCodes.Decoders", "ENG.WMOCodes.Decoders\ENG.WMOCodes.Decoders.csproj", "{2CD3FB96-1955-4035-BC50-66800C84C3BE}"
EndProject
Project("{FAE04EC0-301F-11D3-BF4B-00C04F79EFBC}") = "ENG.WMOCodes.Downloaders", "ENG.WMOCodes.Downloaders\ENG.WMOCodes.Downloaders.csproj", "{5D46B4C3-3CBD-4F70-B92B-710CA65CDB70}"
EndProject
Project("{FAE04EC0-301F-11D3-BF4B-00C04F79EFBC}") = "ENG.WMOCodes.Formatters", "ENG.WMOCodes.Formatters\ENG.WMOCodes.Formatters.csproj", "{C9817849-7A1D-411D-AF88-6663695191E3}"
EndProject
Project("{2150E333-8FDC-42A3-9474-1A3956D46DE8}") = "Formatters", "Formatters", "{4F75E3F3-F26F-4EC9-99EC-3E3D94D67168}"
EndProject
Project("{FAE04EC0-301F-11D3-BF4B-00C04F79EFBC}") = "ENG.WMOCodes.Formatters.ShortInfo", "ENG.WMOCodes.Formatters.ShortInfo\ENG.WMOCodes.Formatters.ShortInfo.csproj", "{D8DAED18-C2B8-4991-A19B-E2EC5FDF7F14}"
EndProject
Project("{FAE04EC0-301F-11D3-BF4B-00C04F79EFBC}") = "ENG.WMOCodes", "ENG.WMOCodes\ENG.WMOCodes.csproj", "{119FCACD-C111-495C-BCA9-FC332EE88D74}"
EndProject
Project("{FAE04EC0-301F-11D3-BF4B-00C04F79EFBC}") = "ENG.WMOCodes.Formatters.InfoFormatter", "ENG.WMOCodes.Formatters.InfoFormatter\ENG.WMOCodes.Formatters.InfoFormatter.csproj", "{1D53AA8D-0D19-4D76-81A2-61D1B86005EA}"
EndProject
Project("{2150E333-8FDC-42A3-9474-1A3956D46DE8}") = "_SVL3", "_SVL3", "{9CE70E94-D266-432E-981A-8653ECB0D046}"
EndProject
Project("{2150E333-8FDC-42A3-9474-1A3956D46DE8}") = "Formatters", "Formatters", "{F979B3DA-47A2-454B-8133-0357A42E745B}"
EndProject
Project("{FAE04EC0-301F-11D3-BF4B-00C04F79EFBC}") = "ENG.WMOCodes", "_SVL\ENG.WMOCodes\ENG.WMOCodes.csproj", "{79C67696-063D-420A-84A1-22B70DA65C8D}"
EndProject
Project("{FAE04EC0-301F-11D3-BF4B-00C04F79EFBC}") = "ENG.WMOCodes.Decoders", "_SVL\ENG.WMOCodes.Decoders\ENG.WMOCodes.Decoders.csproj", "{5668E842-7CAC-4A84-9D6B-8AC95EB927B1}"
EndProject
Project("{FAE04EC0-301F-11D3-BF4B-00C04F79EFBC}") = "ENG.WMOCodes.Downloaders", "_SVL\ENG.WMOCodes.Downloaders\ENG.WMOCodes.Downloaders.csproj", "{14987B43-7D2B-48C3-ADB9-3B3D5C514691}"
EndProject
Project("{FAE04EC0-301F-11D3-BF4B-00C04F79EFBC}") = "ENG.WMOCodes.Formatters", "_SVL\ENG.WMOCodes.Formatters\ENG.WMOCodes.Formatters.csproj", "{3A9702A6-9E54-4B80-BB12-41B9BF81BDF4}"
EndProject
Project("{7CF6DF6D-3B04-46F8-A40B-537D21BCA0B4}") = "Documentation", "ENG.WMOCodes.Documentation\Documentation.shfbproj", "{9FA8A147-82B3-448C-BB5D-A8FFCC6A6FC5}"
EndProject
Project("{2150E333-8FDC-42A3-9474-1A3956D46DE8}") = "FW3.5", "FW3.5", "{E57CDCF6-6EEC-4475-B307-441CFC3E71B8}"
EndProject
Project("{2150E333-8FDC-42A3-9474-1A3956D46DE8}") = "Other", "Other", "{7DC4CCA2-B431-4357-99A7-071DAD65A716}"
EndProject
Global
	GlobalSection(TestCaseManagementSettings) = postSolution
		CategoryFile = MetarDecoderSolution.vsmdi
	EndGlobalSection
	GlobalSection(SolutionConfigurationPlatforms) = preSolution
		Debug|Any CPU = Debug|Any CPU
		Debug|Mixed Platforms = Debug|Mixed Platforms
		Debug|x86 = Debug|x86
		Release|Any CPU = Release|Any CPU
		Release|Mixed Platforms = Release|Mixed Platforms
		Release|x86 = Release|x86
	EndGlobalSection
	GlobalSection(ProjectConfigurationPlatforms) = postSolution
		{E0835F28-FE42-4A5B-955F-37921583FD15}.Debug|Any CPU.ActiveCfg = Debug|Any CPU
		{E0835F28-FE42-4A5B-955F-37921583FD15}.Debug|Any CPU.Build.0 = Debug|Any CPU
		{E0835F28-FE42-4A5B-955F-37921583FD15}.Debug|Mixed Platforms.ActiveCfg = Debug|Any CPU
		{E0835F28-FE42-4A5B-955F-37921583FD15}.Debug|Mixed Platforms.Build.0 = Debug|Any CPU
		{E0835F28-FE42-4A5B-955F-37921583FD15}.Debug|x86.ActiveCfg = Debug|Any CPU
		{E0835F28-FE42-4A5B-955F-37921583FD15}.Release|Any CPU.ActiveCfg = Release|Any CPU
		{E0835F28-FE42-4A5B-955F-37921583FD15}.Release|Any CPU.Build.0 = Release|Any CPU
		{E0835F28-FE42-4A5B-955F-37921583FD15}.Release|Mixed Platforms.ActiveCfg = Release|Any CPU
		{E0835F28-FE42-4A5B-955F-37921583FD15}.Release|Mixed Platforms.Build.0 = Release|Any CPU
		{E0835F28-FE42-4A5B-955F-37921583FD15}.Release|x86.ActiveCfg = Release|Any CPU
		{955BAF2E-87C1-44EA-B3E9-6B257435982B}.Debug|Any CPU.ActiveCfg = Debug|Any CPU
		{955BAF2E-87C1-44EA-B3E9-6B257435982B}.Debug|Any CPU.Build.0 = Debug|Any CPU
		{955BAF2E-87C1-44EA-B3E9-6B257435982B}.Debug|Mixed Platforms.ActiveCfg = Debug|Any CPU
		{955BAF2E-87C1-44EA-B3E9-6B257435982B}.Debug|Mixed Platforms.Build.0 = Debug|Any CPU
		{955BAF2E-87C1-44EA-B3E9-6B257435982B}.Debug|x86.ActiveCfg = Debug|Any CPU
		{955BAF2E-87C1-44EA-B3E9-6B257435982B}.Release|Any CPU.ActiveCfg = Release|Any CPU
		{955BAF2E-87C1-44EA-B3E9-6B257435982B}.Release|Any CPU.Build.0 = Release|Any CPU
		{955BAF2E-87C1-44EA-B3E9-6B257435982B}.Release|Mixed Platforms.ActiveCfg = Release|Any CPU
		{955BAF2E-87C1-44EA-B3E9-6B257435982B}.Release|Mixed Platforms.Build.0 = Release|Any CPU
		{955BAF2E-87C1-44EA-B3E9-6B257435982B}.Release|x86.ActiveCfg = Release|Any CPU
		{89E8332F-E3BB-49D4-97E1-C1194C981C84}.Debug|Any CPU.ActiveCfg = Debug|Any CPU
		{89E8332F-E3BB-49D4-97E1-C1194C981C84}.Debug|Any CPU.Build.0 = Debug|Any CPU
		{89E8332F-E3BB-49D4-97E1-C1194C981C84}.Debug|Mixed Platforms.ActiveCfg = Debug|Any CPU
		{89E8332F-E3BB-49D4-97E1-C1194C981C84}.Debug|Mixed Platforms.Build.0 = Debug|Any CPU
		{89E8332F-E3BB-49D4-97E1-C1194C981C84}.Debug|x86.ActiveCfg = Debug|Any CPU
		{89E8332F-E3BB-49D4-97E1-C1194C981C84}.Release|Any CPU.ActiveCfg = Release|Any CPU
		{89E8332F-E3BB-49D4-97E1-C1194C981C84}.Release|Any CPU.Build.0 = Release|Any CPU
		{89E8332F-E3BB-49D4-97E1-C1194C981C84}.Release|Mixed Platforms.ActiveCfg = Release|Any CPU
		{89E8332F-E3BB-49D4-97E1-C1194C981C84}.Release|Mixed Platforms.Build.0 = Release|Any CPU
		{89E8332F-E3BB-49D4-97E1-C1194C981C84}.Release|x86.ActiveCfg = Release|Any CPU
		{2CD3FB96-1955-4035-BC50-66800C84C3BE}.Debug|Any CPU.ActiveCfg = Debug|Any CPU
		{2CD3FB96-1955-4035-BC50-66800C84C3BE}.Debug|Any CPU.Build.0 = Debug|Any CPU
		{2CD3FB96-1955-4035-BC50-66800C84C3BE}.Debug|Mixed Platforms.ActiveCfg = Debug|Any CPU
		{2CD3FB96-1955-4035-BC50-66800C84C3BE}.Debug|Mixed Platforms.Build.0 = Debug|Any CPU
		{2CD3FB96-1955-4035-BC50-66800C84C3BE}.Debug|x86.ActiveCfg = Debug|Any CPU
		{2CD3FB96-1955-4035-BC50-66800C84C3BE}.Release|Any CPU.ActiveCfg = Release|Any CPU
		{2CD3FB96-1955-4035-BC50-66800C84C3BE}.Release|Any CPU.Build.0 = Release|Any CPU
		{2CD3FB96-1955-4035-BC50-66800C84C3BE}.Release|Mixed Platforms.ActiveCfg = Release|Any CPU
		{2CD3FB96-1955-4035-BC50-66800C84C3BE}.Release|Mixed Platforms.Build.0 = Release|Any CPU
		{2CD3FB96-1955-4035-BC50-66800C84C3BE}.Release|x86.ActiveCfg = Release|Any CPU
		{5D46B4C3-3CBD-4F70-B92B-710CA65CDB70}.Debug|Any CPU.ActiveCfg = Debug|Any CPU
		{5D46B4C3-3CBD-4F70-B92B-710CA65CDB70}.Debug|Any CPU.Build.0 = Debug|Any CPU
		{5D46B4C3-3CBD-4F70-B92B-710CA65CDB70}.Debug|Mixed Platforms.ActiveCfg = Debug|Any CPU
		{5D46B4C3-3CBD-4F70-B92B-710CA65CDB70}.Debug|Mixed Platforms.Build.0 = Debug|Any CPU
		{5D46B4C3-3CBD-4F70-B92B-710CA65CDB70}.Debug|x86.ActiveCfg = Debug|Any CPU
		{5D46B4C3-3CBD-4F70-B92B-710CA65CDB70}.Release|Any CPU.ActiveCfg = Release|Any CPU
		{5D46B4C3-3CBD-4F70-B92B-710CA65CDB70}.Release|Any CPU.Build.0 = Release|Any CPU
		{5D46B4C3-3CBD-4F70-B92B-710CA65CDB70}.Release|Mixed Platforms.ActiveCfg = Release|Any CPU
		{5D46B4C3-3CBD-4F70-B92B-710CA65CDB70}.Release|Mixed Platforms.Build.0 = Release|Any CPU
		{5D46B4C3-3CBD-4F70-B92B-710CA65CDB70}.Release|x86.ActiveCfg = Release|Any CPU
		{C9817849-7A1D-411D-AF88-6663695191E3}.Debug|Any CPU.ActiveCfg = Debug|Any CPU
		{C9817849-7A1D-411D-AF88-6663695191E3}.Debug|Any CPU.Build.0 = Debug|Any CPU
		{C9817849-7A1D-411D-AF88-6663695191E3}.Debug|Mixed Platforms.ActiveCfg = Debug|Any CPU
		{C9817849-7A1D-411D-AF88-6663695191E3}.Debug|Mixed Platforms.Build.0 = Debug|Any CPU
		{C9817849-7A1D-411D-AF88-6663695191E3}.Debug|x86.ActiveCfg = Debug|Any CPU
		{C9817849-7A1D-411D-AF88-6663695191E3}.Release|Any CPU.ActiveCfg = Release|Any CPU
		{C9817849-7A1D-411D-AF88-6663695191E3}.Release|Any CPU.Build.0 = Release|Any CPU
		{C9817849-7A1D-411D-AF88-6663695191E3}.Release|Mixed Platforms.ActiveCfg = Release|Any CPU
		{C9817849-7A1D-411D-AF88-6663695191E3}.Release|Mixed Platforms.Build.0 = Release|Any CPU
		{C9817849-7A1D-411D-AF88-6663695191E3}.Release|x86.ActiveCfg = Release|Any CPU
		{D8DAED18-C2B8-4991-A19B-E2EC5FDF7F14}.Debug|Any CPU.ActiveCfg = Debug|Any CPU
		{D8DAED18-C2B8-4991-A19B-E2EC5FDF7F14}.Debug|Any CPU.Build.0 = Debug|Any CPU
		{D8DAED18-C2B8-4991-A19B-E2EC5FDF7F14}.Debug|Mixed Platforms.ActiveCfg = Debug|Any CPU
		{D8DAED18-C2B8-4991-A19B-E2EC5FDF7F14}.Debug|Mixed Platforms.Build.0 = Debug|Any CPU
		{D8DAED18-C2B8-4991-A19B-E2EC5FDF7F14}.Debug|x86.ActiveCfg = Debug|Any CPU
		{D8DAED18-C2B8-4991-A19B-E2EC5FDF7F14}.Release|Any CPU.ActiveCfg = Release|Any CPU
		{D8DAED18-C2B8-4991-A19B-E2EC5FDF7F14}.Release|Any CPU.Build.0 = Release|Any CPU
		{D8DAED18-C2B8-4991-A19B-E2EC5FDF7F14}.Release|Mixed Platforms.ActiveCfg = Release|Any CPU
		{D8DAED18-C2B8-4991-A19B-E2EC5FDF7F14}.Release|Mixed Platforms.Build.0 = Release|Any CPU
		{D8DAED18-C2B8-4991-A19B-E2EC5FDF7F14}.Release|x86.ActiveCfg = Release|Any CPU
		{119FCACD-C111-495C-BCA9-FC332EE88D74}.Debug|Any CPU.ActiveCfg = Debug|Any CPU
		{119FCACD-C111-495C-BCA9-FC332EE88D74}.Debug|Any CPU.Build.0 = Debug|Any CPU
		{119FCACD-C111-495C-BCA9-FC332EE88D74}.Debug|Mixed Platforms.ActiveCfg = Debug|Any CPU
		{119FCACD-C111-495C-BCA9-FC332EE88D74}.Debug|Mixed Platforms.Build.0 = Debug|Any CPU
		{119FCACD-C111-495C-BCA9-FC332EE88D74}.Debug|x86.ActiveCfg = Debug|Any CPU
		{119FCACD-C111-495C-BCA9-FC332EE88D74}.Release|Any CPU.ActiveCfg = Release|Any CPU
		{119FCACD-C111-495C-BCA9-FC332EE88D74}.Release|Any CPU.Build.0 = Release|Any CPU
		{119FCACD-C111-495C-BCA9-FC332EE88D74}.Release|Mixed Platforms.ActiveCfg = Release|Any CPU
		{119FCACD-C111-495C-BCA9-FC332EE88D74}.Release|Mixed Platforms.Build.0 = Release|Any CPU
		{119FCACD-C111-495C-BCA9-FC332EE88D74}.Release|x86.ActiveCfg = Release|Any CPU
		{1D53AA8D-0D19-4D76-81A2-61D1B86005EA}.Debug|Any CPU.ActiveCfg = Debug|Any CPU
		{1D53AA8D-0D19-4D76-81A2-61D1B86005EA}.Debug|Any CPU.Build.0 = Debug|Any CPU
		{1D53AA8D-0D19-4D76-81A2-61D1B86005EA}.Debug|Mixed Platforms.ActiveCfg = Debug|Any CPU
		{1D53AA8D-0D19-4D76-81A2-61D1B86005EA}.Debug|Mixed Platforms.Build.0 = Debug|Any CPU
		{1D53AA8D-0D19-4D76-81A2-61D1B86005EA}.Debug|x86.ActiveCfg = Debug|Any CPU
		{1D53AA8D-0D19-4D76-81A2-61D1B86005EA}.Release|Any CPU.ActiveCfg = Release|Any CPU
		{1D53AA8D-0D19-4D76-81A2-61D1B86005EA}.Release|Any CPU.Build.0 = Release|Any CPU
		{1D53AA8D-0D19-4D76-81A2-61D1B86005EA}.Release|Mixed Platforms.ActiveCfg = Release|Any CPU
		{1D53AA8D-0D19-4D76-81A2-61D1B86005EA}.Release|Mixed Platforms.Build.0 = Release|Any CPU
		{1D53AA8D-0D19-4D76-81A2-61D1B86005EA}.Release|x86.ActiveCfg = Release|Any CPU
		{79C67696-063D-420A-84A1-22B70DA65C8D}.Debug|Any CPU.ActiveCfg = Debug|Any CPU
		{79C67696-063D-420A-84A1-22B70DA65C8D}.Debug|Any CPU.Build.0 = Debug|Any CPU
		{79C67696-063D-420A-84A1-22B70DA65C8D}.Debug|Mixed Platforms.ActiveCfg = Debug|Any CPU
		{79C67696-063D-420A-84A1-22B70DA65C8D}.Debug|Mixed Platforms.Build.0 = Debug|Any CPU
		{79C67696-063D-420A-84A1-22B70DA65C8D}.Debug|x86.ActiveCfg = Debug|Any CPU
		{79C67696-063D-420A-84A1-22B70DA65C8D}.Release|Any CPU.ActiveCfg = Release|Any CPU
		{79C67696-063D-420A-84A1-22B70DA65C8D}.Release|Any CPU.Build.0 = Release|Any CPU
		{79C67696-063D-420A-84A1-22B70DA65C8D}.Release|Mixed Platforms.ActiveCfg = Release|Any CPU
		{79C67696-063D-420A-84A1-22B70DA65C8D}.Release|Mixed Platforms.Build.0 = Release|Any CPU
		{79C67696-063D-420A-84A1-22B70DA65C8D}.Release|x86.ActiveCfg = Release|Any CPU
		{5668E842-7CAC-4A84-9D6B-8AC95EB927B1}.Debug|Any CPU.ActiveCfg = Debug|Any CPU
		{5668E842-7CAC-4A84-9D6B-8AC95EB927B1}.Debug|Any CPU.Build.0 = Debug|Any CPU
		{5668E842-7CAC-4A84-9D6B-8AC95EB927B1}.Debug|Mixed Platforms.ActiveCfg = Debug|Any CPU
		{5668E842-7CAC-4A84-9D6B-8AC95EB927B1}.Debug|Mixed Platforms.Build.0 = Debug|Any CPU
		{5668E842-7CAC-4A84-9D6B-8AC95EB927B1}.Debug|x86.ActiveCfg = Debug|Any CPU
		{5668E842-7CAC-4A84-9D6B-8AC95EB927B1}.Release|Any CPU.ActiveCfg = Release|Any CPU
		{5668E842-7CAC-4A84-9D6B-8AC95EB927B1}.Release|Any CPU.Build.0 = Release|Any CPU
		{5668E842-7CAC-4A84-9D6B-8AC95EB927B1}.Release|Mixed Platforms.ActiveCfg = Release|Any CPU
		{5668E842-7CAC-4A84-9D6B-8AC95EB927B1}.Release|Mixed Platforms.Build.0 = Release|Any CPU
		{5668E842-7CAC-4A84-9D6B-8AC95EB927B1}.Release|x86.ActiveCfg = Release|Any CPU
		{14987B43-7D2B-48C3-ADB9-3B3D5C514691}.Debug|Any CPU.ActiveCfg = Debug|Any CPU
		{14987B43-7D2B-48C3-ADB9-3B3D5C514691}.Debug|Any CPU.Build.0 = Debug|Any CPU
		{14987B43-7D2B-48C3-ADB9-3B3D5C514691}.Debug|Mixed Platforms.ActiveCfg = Debug|Any CPU
		{14987B43-7D2B-48C3-ADB9-3B3D5C514691}.Debug|Mixed Platforms.Build.0 = Debug|Any CPU
		{14987B43-7D2B-48C3-ADB9-3B3D5C514691}.Debug|x86.ActiveCfg = Debug|Any CPU
		{14987B43-7D2B-48C3-ADB9-3B3D5C514691}.Release|Any CPU.ActiveCfg = Release|Any CPU
		{14987B43-7D2B-48C3-ADB9-3B3D5C514691}.Release|Any CPU.Build.0 = Release|Any CPU
		{14987B43-7D2B-48C3-ADB9-3B3D5C514691}.Release|Mixed Platforms.ActiveCfg = Release|Any CPU
		{14987B43-7D2B-48C3-ADB9-3B3D5C514691}.Release|Mixed Platforms.Build.0 = Release|Any CPU
		{14987B43-7D2B-48C3-ADB9-3B3D5C514691}.Release|x86.ActiveCfg = Release|Any CPU
		{3A9702A6-9E54-4B80-BB12-41B9BF81BDF4}.Debug|Any CPU.ActiveCfg = Debug|Any CPU
		{3A9702A6-9E54-4B80-BB12-41B9BF81BDF4}.Debug|Any CPU.Build.0 = Debug|Any CPU
		{3A9702A6-9E54-4B80-BB12-41B9BF81BDF4}.Debug|Mixed Platforms.ActiveCfg = Debug|Any CPU
		{3A9702A6-9E54-4B80-BB12-41B9BF81BDF4}.Debug|Mixed Platforms.Build.0 = Debug|Any CPU
		{3A9702A6-9E54-4B80-BB12-41B9BF81BDF4}.Debug|x86.ActiveCfg = Debug|Any CPU
		{3A9702A6-9E54-4B80-BB12-41B9BF81BDF4}.Release|Any CPU.ActiveCfg = Release|Any CPU
		{3A9702A6-9E54-4B80-BB12-41B9BF81BDF4}.Release|Any CPU.Build.0 = Release|Any CPU
		{3A9702A6-9E54-4B80-BB12-41B9BF81BDF4}.Release|Mixed Platforms.ActiveCfg = Release|Any CPU
		{3A9702A6-9E54-4B80-BB12-41B9BF81BDF4}.Release|Mixed Platforms.Build.0 = Release|Any CPU
		{3A9702A6-9E54-4B80-BB12-41B9BF81BDF4}.Release|x86.ActiveCfg = Release|Any CPU
		{9FA8A147-82B3-448C-BB5D-A8FFCC6A6FC5}.Debug|Any CPU.ActiveCfg = Debug|Any CPU
		{9FA8A147-82B3-448C-BB5D-A8FFCC6A6FC5}.Debug|Mixed Platforms.ActiveCfg = Debug|Any CPU
		{9FA8A147-82B3-448C-BB5D-A8FFCC6A6FC5}.Debug|Mixed Platforms.Build.0 = Debug|Any CPU
		{9FA8A147-82B3-448C-BB5D-A8FFCC6A6FC5}.Debug|x86.ActiveCfg = Debug|Any CPU
		{9FA8A147-82B3-448C-BB5D-A8FFCC6A6FC5}.Release|Any CPU.ActiveCfg = Release|Any CPU
		{9FA8A147-82B3-448C-BB5D-A8FFCC6A6FC5}.Release|Mixed Platforms.ActiveCfg = Release|Any CPU
		{9FA8A147-82B3-448C-BB5D-A8FFCC6A6FC5}.Release|Mixed Platforms.Build.0 = Release|Any CPU
		{9FA8A147-82B3-448C-BB5D-A8FFCC6A6FC5}.Release|x86.ActiveCfg = Release|Any CPU
	EndGlobalSection
	GlobalSection(SolutionProperties) = preSolution
		HideSolutionNode = FALSE
	EndGlobalSection
	GlobalSection(NestedProjects) = preSolution
		{D8DAED18-C2B8-4991-A19B-E2EC5FDF7F14} = {4F75E3F3-F26F-4EC9-99EC-3E3D94D67168}
		{1D53AA8D-0D19-4D76-81A2-61D1B86005EA} = {4F75E3F3-F26F-4EC9-99EC-3E3D94D67168}
		{F979B3DA-47A2-454B-8133-0357A42E745B} = {9CE70E94-D266-432E-981A-8653ECB0D046}
		{79C67696-063D-420A-84A1-22B70DA65C8D} = {9CE70E94-D266-432E-981A-8653ECB0D046}
		{5668E842-7CAC-4A84-9D6B-8AC95EB927B1} = {9CE70E94-D266-432E-981A-8653ECB0D046}
		{14987B43-7D2B-48C3-ADB9-3B3D5C514691} = {9CE70E94-D266-432E-981A-8653ECB0D046}
		{3A9702A6-9E54-4B80-BB12-41B9BF81BDF4} = {9CE70E94-D266-432E-981A-8653ECB0D046}
		{4F75E3F3-F26F-4EC9-99EC-3E3D94D67168} = {E57CDCF6-6EEC-4475-B307-441CFC3E71B8}
		{119FCACD-C111-495C-BCA9-FC332EE88D74} = {E57CDCF6-6EEC-4475-B307-441CFC3E71B8}
		{C9817849-7A1D-411D-AF88-6663695191E3} = {E57CDCF6-6EEC-4475-B307-441CFC3E71B8}
		{2CD3FB96-1955-4035-BC50-66800C84C3BE} = {E57CDCF6-6EEC-4475-B307-441CFC3E71B8}
		{5D46B4C3-3CBD-4F70-B92B-710CA65CDB70} = {E57CDCF6-6EEC-4475-B307-441CFC3E71B8}
		{89E8332F-E3BB-49D4-97E1-C1194C981C84} = {7DC4CCA2-B431-4357-99A7-071DAD65A716}
		{E0835F28-FE42-4A5B-955F-37921583FD15} = {7DC4CCA2-B431-4357-99A7-071DAD65A716}
	EndGlobalSection
EndGlobal
